<?xml version="1.0" encoding="utf-8"?>
<Project ToolsVersion="4.0" xmlns="http://schemas.microsoft.com/developer/msbuild/2003">
  <ItemGroup>
    <Filter Include="Исходные файлы">
      <UniqueIdentifier>{4FC737F1-C7A5-4376-A066-2A32D752A2FF}</UniqueIdentifier>
      <Extensions>cpp;c;cc;cxx;c++;cppm;ixx;def;odl;idl;hpj;bat;asm;asmx</Extensions>
    </Filter>
    <Filter Include="Исходные файлы\Memory">
      <UniqueIdentifier>{b5f36776-ad0d-4c1a-b12a-334f670a8e71}</UniqueIdentifier>
    </Filter>
    <Filter Include="Исходные файлы\CPU">
      <UniqueIdentifier>{49bcb56f-4bc6-4346-a5ac-e7815db43a7d}</UniqueIdentifier>
    </Filter>
    <Filter Include="Исходные файлы\Tools">
      <UniqueIdentifier>{83c91e10-696c-4b0b-9858-ac982dffecc0}</UniqueIdentifier>
    </Filter>
    <Filter Include="Исходные файлы\IO">
      <UniqueIdentifier>{92487446-4fa3-4ac9-bf83-f50b2d301ef1}</UniqueIdentifier>
    </Filter>
  </ItemGroup>
  <ItemGroup>
    <ClCompile Include="main.c">
      <Filter>Исходные файлы</Filter>
    </ClCompile>
    <ClCompile Include="Memory\RAM.c">
      <Filter>Исходные файлы\Memory</Filter>
    </ClCompile>
    <ClCompile Include="Memory\Register.c">
      <Filter>Исходные файлы\Memory</Filter>
    </ClCompile>
    <ClCompile Include="CPU\cpu.c">
      <Filter>Исходные файлы\CPU</Filter>
    </ClCompile>
    <ClCompile Include="emulator.c">
      <Filter>Исходные файлы</Filter>
    </ClCompile>
    <ClCompile Include="Tools\BitOperation.c">
      <Filter>Исходные файлы\Tools</Filter>
    </ClCompile>
    <ClCompile Include="IO\StandartOutput.c">
      <Filter>Исходные файлы\IO</Filter>
    </ClCompile>
  </ItemGroup>
  <ItemGroup>
    <ClInclude Include="Memory\RAM.h">
      <Filter>Исходные файлы\Memory</Filter>
    </ClInclude>
    <ClInclude Include="Memory\Register.h">
      <Filter>Исходные файлы\Memory</Filter>
    </ClInclude>
    <ClInclude Include="CPU\cpu.h">
      <Filter>Исходные файлы\CPU</Filter>
    </ClInclude>
    <ClInclude Include="emulator.h">
      <Filter>Исходные файлы</Filter>
    </ClInclude>
    <ClInclude Include="Tools\BitOperation.h">
      <Filter>Исходные файлы\Tools</Filter>
    </ClInclude>
    <ClInclude Include="Tools\Bool.h">
      <Filter>Исходные файлы\Tools</Filter>
    </ClInclude>
    <ClInclude Include="IO\StandartOutput.h">
      <Filter>Исходные файлы\IO</Filter>
    </ClInclude>
  </ItemGroup>
</Project>